Microsoft Visual Studio Solution File, Format Version 12.00
# Visual Studio Version 17
VisualStudioVersion = 17.5.2.0
MinimumVisualStudioVersion = 10.0.40219.1
Project("{2150E333-8FDC-42A3-9474-1A3956D46DE8}") = "M2PROG_CS2", "M2PROG_CS2", "{0B164F6B-1409-AD34-86F4-5C35B9C3BBDB}"
EndProject
Project("{FAE04EC0-301F-11D3-BF4B-00C04F79EFBC}") = "function", "M2PROG_CS2\function\function.csproj", "{DC4E56D7-583E-6F60-1AFA-A12EB10F1E25}"
EndProject
Global
	GlobalSection(SolutionConfigurationPlatforms) = preSolution
		Debug|Any CPU = Debug|Any CPU
		Release|Any CPU = Release|Any CPU
	EndGlobalSection
	GlobalSection(ProjectConfigurationPlatforms) = postSolution
		{DC4E56D7-583E-6F60-1AFA-A12EB10F1E25}.Debug|Any CPU.ActiveCfg = Debug|Any CPU
		{DC4E56D7-583E-6F60-1AFA-A12EB10F1E25}.Debug|Any CPU.Build.0 = Debug|Any CPU
		{DC4E56D7-583E-6F60-1AFA-A12EB10F1E25}.Release|Any CPU.ActiveCfg = Release|Any CPU
		{DC4E56D7-583E-6F60-1AFA-A12EB10F1E25}.Release|Any CPU.Build.0 = Release|Any CPU
	EndGlobalSection
	GlobalSection(SolutionProperties) = preSolution
		HideSolutionNode = FALSE
	EndGlobalSection
	GlobalSection(NestedProjects) = preSolution
		{DC4E56D7-583E-6F60-1AFA-A12EB10F1E25} = {0B164F6B-1409-AD34-86F4-5C35B9C3BBDB}
	EndGlobalSection
	GlobalSection(ExtensibilityGlobals) = postSolution
		SolutionGuid = {46A044D4-54E7-4166-BDE5-B89AF425C2E3}
	EndGlobalSection
EndGlobal
